
Microsoft Visual Studio Solution File, Format Version 12.00
# Visual Studio Version 17
VisualStudioVersion = 17.4.33205.214
MinimumVisualStudioVersion = 10.0.40219.1
Project("{FAE04EC0-301F-11D3-BF4B-00C04F79EFBC}") = "AndonServer", "AndonServer\AndonServer.csproj", "{5963BBBF-1B08-4DD9-B5BF-C05303EC7D2F}"
EndProject
Project("{FAE04EC0-301F-11D3-BF4B-00C04F79EFBC}") = "AndonClient", "AndonClient\AndonClient.csproj", "{F85A7F3E-5D03-4EB9-A3F6-CE26C06A91E1}"
EndProject
Global
	GlobalSection(SolutionConfigurationPlatforms) = preSolution
		Debug|Any CPU = Debug|Any CPU
		Release|Any CPU = Release|Any CPU
	EndGlobalSection
	GlobalSection(ProjectConfigurationPlatforms) = postSolution
		{5963BBBF-1B08-4DD9-B5BF-C05303EC7D2F}.Debug|Any CPU.ActiveCfg = Debug|Any CPU
		{5963BBBF-1B08-4DD9-B5BF-C05303EC7D2F}.Debug|Any CPU.Build.0 = Debug|Any CPU
		{5963BBBF-1B08-4DD9-B5BF-C05303EC7D2F}.Release|Any CPU.ActiveCfg = Release|Any CPU
		{5963BBBF-1B08-4DD9-B5BF-C05303EC7D2F}.Release|Any CPU.Build.0 = Release|Any CPU
		{F85A7F3E-5D03-4EB9-A3F6-CE26C06A91E1}.Debug|Any CPU.ActiveCfg = Debug|Any CPU
		{F85A7F3E-5D03-4EB9-A3F6-CE26C06A91E1}.Debug|Any CPU.Build.0 = Debug|Any CPU
		{F85A7F3E-5D03-4EB9-A3F6-CE26C06A91E1}.Release|Any CPU.ActiveCfg = Release|Any CPU
		{F85A7F3E-5D03-4EB9-A3F6-CE26C06A91E1}.Release|Any CPU.Build.0 = Release|Any CPU
	EndGlobalSection
	GlobalSection(SolutionProperties) = preSolution
		HideSolutionNode = FALSE
	EndGlobalSection
	GlobalSection(ExtensibilityGlobals) = postSolution
		SolutionGuid = {73EF0B22-96CD-48B0-ABED-791FE62EEB25}
	EndGlobalSection
EndGlobal
